
Microsoft Visual Studio Solution File, Format Version 12.00
# Visual Studio Version 16
VisualStudioVersion = 16.0.29123.88
MinimumVisualStudioVersion = 10.0.40219.1
Project("{FAE04EC0-301F-11D3-BF4B-00C04F79EFBC}") = "RabbitMQExtention", "RabbitMQExtention\RabbitMQExtention.csproj", "{D37FF4E3-2D21-484B-8573-453C491E65F1}"
EndProject
Project("{FAE04EC0-301F-11D3-BF4B-00C04F79EFBC}") = "RabbitMQMessage", "RabbitMqMessage\RabbitMQMessage.csproj", "{66ACF741-F358-4B12-9FD9-AEA753BA0483}"
EndProject
Global
	GlobalSection(SolutionConfigurationPlatforms) = preSolution
		Debug|Any CPU = Debug|Any CPU
		Release|Any CPU = Release|Any CPU
	EndGlobalSection
	GlobalSection(ProjectConfigurationPlatforms) = postSolution
		{D37FF4E3-2D21-484B-8573-453C491E65F1}.Debug|Any CPU.ActiveCfg = Debug|Any CPU
		{D37FF4E3-2D21-484B-8573-453C491E65F1}.Debug|Any CPU.Build.0 = Debug|Any CPU
		{D37FF4E3-2D21-484B-8573-453C491E65F1}.Release|Any CPU.ActiveCfg = Release|Any CPU
		{D37FF4E3-2D21-484B-8573-453C491E65F1}.Release|Any CPU.Build.0 = Release|Any CPU
		{66ACF741-F358-4B12-9FD9-AEA753BA0483}.Debug|Any CPU.ActiveCfg = Debug|Any CPU
		{66ACF741-F358-4B12-9FD9-AEA753BA0483}.Debug|Any CPU.Build.0 = Debug|Any CPU
		{66ACF741-F358-4B12-9FD9-AEA753BA0483}.Release|Any CPU.ActiveCfg = Release|Any CPU
		{66ACF741-F358-4B12-9FD9-AEA753BA0483}.Release|Any CPU.Build.0 = Release|Any CPU
	EndGlobalSection
	GlobalSection(SolutionProperties) = preSolution
		HideSolutionNode = FALSE
	EndGlobalSection
	GlobalSection(ExtensibilityGlobals) = postSolution
		SolutionGuid = {B78A04D0-8603-4CFB-879B-C2431ED5A3BA}
	EndGlobalSection
EndGlobal
